
Microsoft Visual Studio Solution File, Format Version 12.00
# Visual Studio 15
VisualStudioVersion = 15.0.28010.2026
MinimumVisualStudioVersion = 10.0.40219.1
Project("{9A19103F-16F7-4668-BE54-9A1E7A4F7556}") = "GooglePhotosNet", "GooglePhotosNet\GooglePhotosNet.csproj", "{FA38FDCD-13B8-4B39-B03B-F1D44745BFE1}"
EndProject
Project("{FAE04EC0-301F-11D3-BF4B-00C04F79EFBC}") = "GooglePhotosNet.UnitTests", "GooglePhotosNet.UnitTests\GooglePhotosNet.UnitTests.csproj", "{905BCD95-D33F-430F-B9E8-52245B086B85}"
EndProject
Project("{2150E333-8FDC-42A3-9474-1A3956D46DE8}") = "Solution Items", "Solution Items", "{8900AEEB-F41E-4351-8798-AB69CB10429C}"
	ProjectSection(SolutionItems) = preProject
		stylecop.json = stylecop.json
	EndProjectSection
EndProject
Global
	GlobalSection(SolutionConfigurationPlatforms) = preSolution
		Debug|Any CPU = Debug|Any CPU
		Release|Any CPU = Release|Any CPU
	EndGlobalSection
	GlobalSection(ProjectConfigurationPlatforms) = postSolution
		{FA38FDCD-13B8-4B39-B03B-F1D44745BFE1}.Debug|Any CPU.ActiveCfg = Debug|Any CPU
		{FA38FDCD-13B8-4B39-B03B-F1D44745BFE1}.Debug|Any CPU.Build.0 = Debug|Any CPU
		{FA38FDCD-13B8-4B39-B03B-F1D44745BFE1}.Release|Any CPU.ActiveCfg = Release|Any CPU
		{FA38FDCD-13B8-4B39-B03B-F1D44745BFE1}.Release|Any CPU.Build.0 = Release|Any CPU
		{905BCD95-D33F-430F-B9E8-52245B086B85}.Debug|Any CPU.ActiveCfg = Debug|Any CPU
		{905BCD95-D33F-430F-B9E8-52245B086B85}.Debug|Any CPU.Build.0 = Debug|Any CPU
		{905BCD95-D33F-430F-B9E8-52245B086B85}.Release|Any CPU.ActiveCfg = Release|Any CPU
		{905BCD95-D33F-430F-B9E8-52245B086B85}.Release|Any CPU.Build.0 = Release|Any CPU
	EndGlobalSection
	GlobalSection(SolutionProperties) = preSolution
		HideSolutionNode = FALSE
	EndGlobalSection
	GlobalSection(ExtensibilityGlobals) = postSolution
		SolutionGuid = {62D51966-B94A-4593-B9F7-413B77E64826}
	EndGlobalSection
EndGlobal
